
Microsoft Visual Studio Solution File, Format Version 12.00
# Visual Studio Version 16
VisualStudioVersion = 16.0.30503.244
MinimumVisualStudioVersion = 10.0.40219.1
Project("{FAE04EC0-301F-11D3-BF4B-00C04F79EFBC}") = "Kinetic Energy Joey Jaster", "Kinetic Energy Joey Jaster\Kinetic Energy Joey Jaster.csproj", "{A62E969A-D0CA-46AC-BCC5-43B0705E534B}"
EndProject
Global
	GlobalSection(SolutionConfigurationPlatforms) = preSolution
		Debug|Any CPU = Debug|Any CPU
		Release|Any CPU = Release|Any CPU
	EndGlobalSection
	GlobalSection(ProjectConfigurationPlatforms) = postSolution
		{A62E969A-D0CA-46AC-BCC5-43B0705E534B}.Debug|Any CPU.ActiveCfg = Debug|Any CPU
		{A62E969A-D0CA-46AC-BCC5-43B0705E534B}.Debug|Any CPU.Build.0 = Debug|Any CPU
		{A62E969A-D0CA-46AC-BCC5-43B0705E534B}.Release|Any CPU.ActiveCfg = Release|Any CPU
		{A62E969A-D0CA-46AC-BCC5-43B0705E534B}.Release|Any CPU.Build.0 = Release|Any CPU
	EndGlobalSection
	GlobalSection(SolutionProperties) = preSolution
		HideSolutionNode = FALSE
	EndGlobalSection
	GlobalSection(ExtensibilityGlobals) = postSolution
		SolutionGuid = {F72D79C0-3698-41B9-8098-85A092AE6554}
	EndGlobalSection
EndGlobal
